// !$*UTF8*$!
{
	archiveVersion = 1;
	classes = {
	};
	objectVersion = 55;
	objects = {

/* Begin PBXBuildFile section */
		D301A5102960070400A8DF6F /* SpotifyApp.swift in Sources */ = {isa = PBXBuildFile; fileRef = D301A50F2960070400A8DF6F /* SpotifyApp.swift */; };
		D301A5122960070400A8DF6F /* ContentView.swift in Sources */ = {isa = PBXBuildFile; fileRef = D301A5112960070400A8DF6F /* ContentView.swift */; };
		D301A5142960070500A8DF6F /* Assets.xcassets in Resources */ = {isa = PBXBuildFile; fileRef = D301A5132960070500A8DF6F /* Assets.xcassets */; };
		D301A5172960070500A8DF6F /* Preview Assets.xcassets in Resources */ = {isa = PBXBuildFile; fileRef = D301A5162960070500A8DF6F /* Preview Assets.xcassets */; };
		D301A5212960070600A8DF6F /* SpotifyTests.swift in Sources */ = {isa = PBXBuildFile; fileRef = D301A5202960070600A8DF6F /* SpotifyTests.swift */; };
		D301A52B2960070600A8DF6F /* SpotifyUITests.swift in Sources */ = {isa = PBXBuildFile; fileRef = D301A52A2960070600A8DF6F /* SpotifyUITests.swift */; };
		D301A52D2960070600A8DF6F /* SpotifyUITestsLaunchTests.swift in Sources */ = {isa = PBXBuildFile; fileRef = D301A52C2960070600A8DF6F /* SpotifyUITestsLaunchTests.swift */; };
		D301A53A296160E800A8DF6F /* ArtistView.swift in Sources */ = {isa = PBXBuildFile; fileRef = D301A539296160E800A8DF6F /* ArtistView.swift */; };
		D301A53C296161CE00A8DF6F /* ExploreView.swift in Sources */ = {isa = PBXBuildFile; fileRef = D301A53B296161CE00A8DF6F /* ExploreView.swift */; };
		D301A53E29641DE000A8DF6F /* PlayerView.swift in Sources */ = {isa = PBXBuildFile; fileRef = D301A53D29641DE000A8DF6F /* PlayerView.swift */; };
		D301A54229643A3200A8DF6F /* SongDetailView.swift in Sources */ = {isa = PBXBuildFile; fileRef = D301A54129643A3200A8DF6F /* SongDetailView.swift */; };
		D301A544296540F700A8DF6F /* SectionView.swift in Sources */ = {isa = PBXBuildFile; fileRef = D301A543296540F700A8DF6F /* SectionView.swift */; };
		D301A546296543D600A8DF6F /* Color+Extension.swift in Sources */ = {isa = PBXBuildFile; fileRef = D301A545296543D600A8DF6F /* Color+Extension.swift */; };
		D301A5482967DC6500A8DF6F /* Song.swift in Sources */ = {isa = PBXBuildFile; fileRef = D301A5472967DC6500A8DF6F /* Song.swift */; };
		D301A54A2967DF6D00A8DF6F /* love_yourself.mp3 in Resources */ = {isa = PBXBuildFile; fileRef = D301A5492967DF6D00A8DF6F /* love_yourself.mp3 */; };
		D301A54C2967DF7F00A8DF6F /* love_yourself.mp3 in Resources */ = {isa = PBXBuildFile; fileRef = D301A54B2967DF7F00A8DF6F /* love_yourself.mp3 */; };
		D301A54D2968093200A8DF6F /* love_yourself.mp3 in Resources */ = {isa = PBXBuildFile; fileRef = D301A54B2967DF7F00A8DF6F /* love_yourself.mp3 */; };
/* End PBXBuildFile section */

/* Begin PBXContainerItemProxy section */
		D301A51D2960070600A8DF6F /* PBXContainerItemProxy */ = {
			isa = PBXContainerItemProxy;
			containerPortal = D301A5042960070400A8DF6F /* Project object */;
			proxyType = 1;
			remoteGlobalIDString = D301A50B2960070400A8DF6F;
			remoteInfo = Spotify;
		};
		D301A5272960070600A8DF6F /* PBXContainerItemProxy */ = {
			isa = PBXContainerItemProxy;
			containerPortal = D301A5042960070400A8DF6F /* Project object */;
			proxyType = 1;
			remoteGlobalIDString = D301A50B2960070400A8DF6F;
			remoteInfo = Spotify;
		};
/* End PBXContainerItemProxy section */

/* Begin PBXFileReference section */
		D301A50C2960070400A8DF6F /* Spotify.app */ = {isa = PBXFileReference; explicitFileType = wrapper.application; includeInIndex = 0; path = Spotify.app; sourceTree = BUILT_PRODUCTS_DIR; };
		D301A50F2960070400A8DF6F /* SpotifyApp.swift */ = {isa = PBXFileReference; lastKnownFileType = sourcecode.swift; path = SpotifyApp.swift; sourceTree = "<group>"; };
		D301A5112960070400A8DF6F /* ContentView.swift */ = {isa = PBXFileReference; lastKnownFileType = sourcecode.swift; path = ContentView.swift; sourceTree = "<group>"; };
		D301A5132960070500A8DF6F /* Assets.xcassets */ = {isa = PBXFileReference; lastKnownFileType = folder.assetcatalog; path = Assets.xcassets; sourceTree = "<group>"; };
		D301A5162960070500A8DF6F /* Preview Assets.xcassets */ = {isa = PBXFileReference; lastKnownFileType = folder.assetcatalog; path = "Preview Assets.xcassets"; sourceTree = "<group>"; };
		D301A51C2960070600A8DF6F /* SpotifyTests.xctest */ = {isa = PBXFileReference; explicitFileType = wrapper.cfbundle; includeInIndex = 0; path = SpotifyTests.xctest; sourceTree = BUILT_PRODUCTS_DIR; };
		D301A5202960070600A8DF6F /* SpotifyTests.swift */ = {isa = PBXFileReference; lastKnownFileType = sourcecode.swift; path = SpotifyTests.swift; sourceTree = "<group>"; };
		D301A5262960070600A8DF6F /* SpotifyUITests.xctest */ = {isa = PBXFileReference; explicitFileType = wrapper.cfbundle; includeInIndex = 0; path = SpotifyUITests.xctest; sourceTree = BUILT_PRODUCTS_DIR; };
		D301A52A2960070600A8DF6F /* SpotifyUITests.swift */ = {isa = PBXFileReference; lastKnownFileType = sourcecode.swift; path = SpotifyUITests.swift; sourceTree = "<group>"; };
		D301A52C2960070600A8DF6F /* SpotifyUITestsLaunchTests.swift */ = {isa = PBXFileReference; lastKnownFileType = sourcecode.swift; path = SpotifyUITestsLaunchTests.swift; sourceTree = "<group>"; };
		D301A539296160E800A8DF6F /* ArtistView.swift */ = {isa = PBXFileReference; lastKnownFileType = sourcecode.swift; path = ArtistView.swift; sourceTree = "<group>"; };
		D301A53B296161CE00A8DF6F /* ExploreView.swift */ = {isa = PBXFileReference; lastKnownFileType = sourcecode.swift; path = ExploreView.swift; sourceTree = "<group>"; };
		D301A53D29641DE000A8DF6F /* PlayerView.swift */ = {isa = PBXFileReference; lastKnownFileType = sourcecode.swift; path = PlayerView.swift; sourceTree = "<group>"; };
		D301A54129643A3200A8DF6F /* SongDetailView.swift */ = {isa = PBXFileReference; lastKnownFileType = sourcecode.swift; path = SongDetailView.swift; sourceTree = "<group>"; };
		D301A543296540F700A8DF6F /* SectionView.swift */ = {isa = PBXFileReference; lastKnownFileType = sourcecode.swift; path = SectionView.swift; sourceTree = "<group>"; };
		D301A545296543D600A8DF6F /* Color+Extension.swift */ = {isa = PBXFileReference; lastKnownFileType = sourcecode.swift; path = "Color+Extension.swift"; sourceTree = "<group>"; };
		D301A5472967DC6500A8DF6F /* Song.swift */ = {isa = PBXFileReference; lastKnownFileType = sourcecode.swift; path = Song.swift; sourceTree = "<group>"; };
		D301A5492967DF6D00A8DF6F /* love_yourself.mp3 */ = {isa = PBXFileReference; lastKnownFileType = audio.mp3; path = love_yourself.mp3; sourceTree = "<group>"; };
		D301A54B2967DF7F00A8DF6F /* love_yourself.mp3 */ = {isa = PBXFileReference; lastKnownFileType = audio.mp3; path = love_yourself.mp3; sourceTree = "<group>"; };
/* End PBXFileReference section */

/* Begin PBXFrameworksBuildPhase section */
		D301A5092960070400A8DF6F /* Frameworks */ = {
			isa = PBXFrameworksBuildPhase;
			buildActionMask = 2147483647;
			files = (
			);
			runOnlyForDeploymentPostprocessing = 0;
		};
		D301A5192960070600A8DF6F /* Frameworks */ = {
			isa = PBXFrameworksBuildPhase;
			buildActionMask = 2147483647;
			files = (
			);
			runOnlyForDeploymentPostprocessing = 0;
		};
		D301A5232960070600A8DF6F /* Frameworks */ = {
			isa = PBXFrameworksBuildPhase;
			buildActionMask = 2147483647;
			files = (
			);
			runOnlyForDeploymentPostprocessing = 0;
		};
/* End PBXFrameworksBuildPhase section */

/* Begin PBXGroup section */
		D301A5032960070400A8DF6F = {
			isa = PBXGroup;
			children = (
				D301A50E2960070400A8DF6F /* Spotify */,
				D301A51F2960070600A8DF6F /* SpotifyTests */,
				D301A5292960070600A8DF6F /* SpotifyUITests */,
				D301A50D2960070400A8DF6F /* Products */,
			);
			sourceTree = "<group>";
		};
		D301A50D2960070400A8DF6F /* Products */ = {
			isa = PBXGroup;
			children = (
				D301A50C2960070400A8DF6F /* Spotify.app */,
				D301A51C2960070600A8DF6F /* SpotifyTests.xctest */,
				D301A5262960070600A8DF6F /* SpotifyUITests.xctest */,
			);
			name = Products;
			sourceTree = "<group>";
		};
		D301A50E2960070400A8DF6F /* Spotify */ = {
			isa = PBXGroup;
			children = (
				D301A5502968178600A8DF6F /* Common */,
				D301A54F2968177300A8DF6F /* Views */,
				D301A54E2968176B00A8DF6F /* Data */,
				D301A54B2967DF7F00A8DF6F /* love_yourself.mp3 */,
				D301A50F2960070400A8DF6F /* SpotifyApp.swift */,
				D301A5132960070500A8DF6F /* Assets.xcassets */,
				D301A5152960070500A8DF6F /* Preview Content */,
			);
			path = Spotify;
			sourceTree = "<group>";
		};
		D301A5152960070500A8DF6F /* Preview Content */ = {
			isa = PBXGroup;
			children = (
				D301A5162960070500A8DF6F /* Preview Assets.xcassets */,
			);
			path = "Preview Content";
			sourceTree = "<group>";
		};
		D301A51F2960070600A8DF6F /* SpotifyTests */ = {
			isa = PBXGroup;
			children = (
				D301A5202960070600A8DF6F /* SpotifyTests.swift */,
			);
			path = SpotifyTests;
			sourceTree = "<group>";
		};
		D301A5292960070600A8DF6F /* SpotifyUITests */ = {
			isa = PBXGroup;
			children = (
				D301A5492967DF6D00A8DF6F /* love_yourself.mp3 */,
				D301A52A2960070600A8DF6F /* SpotifyUITests.swift */,
				D301A52C2960070600A8DF6F /* SpotifyUITestsLaunchTests.swift */,
			);
			path = SpotifyUITests;
			sourceTree = "<group>";
		};
		D301A54E2968176B00A8DF6F /* Data */ = {
			isa = PBXGroup;
			children = (
				D301A5472967DC6500A8DF6F /* Song.swift */,
			);
			path = Data;
			sourceTree = "<group>";
		};
		D301A54F2968177300A8DF6F /* Views */ = {
			isa = PBXGroup;
			children = (
				D301A543296540F700A8DF6F /* SectionView.swift */,
				D301A5112960070400A8DF6F /* ContentView.swift */,
				D301A54129643A3200A8DF6F /* SongDetailView.swift */,
				D301A53D29641DE000A8DF6F /* PlayerView.swift */,
				D301A53B296161CE00A8DF6F /* ExploreView.swift */,
				D301A539296160E800A8DF6F /* ArtistView.swift */,
			);
			path = Views;
			sourceTree = "<group>";
		};
		D301A5502968178600A8DF6F /* Common */ = {
			isa = PBXGroup;
			children = (
				D301A545296543D600A8DF6F /* Color+Extension.swift */,
			);
			path = Common;
			sourceTree = "<group>";
		};
/* End PBXGroup section */

/* Begin PBXNativeTarget section */
		D301A50B2960070400A8DF6F /* Spotify */ = {
			isa = PBXNativeTarget;
			buildConfigurationList = D301A5302960070600A8DF6F /* Build configuration list for PBXNativeTarget "Spotify" */;
			buildPhases = (
				D301A5082960070400A8DF6F /* Sources */,
				D301A5092960070400A8DF6F /* Frameworks */,
				D301A50A2960070400A8DF6F /* Resources */,
			);
			buildRules = (
			);
			dependencies = (
			);
			name = Spotify;
			productName = Spotify;
			productReference = D301A50C2960070400A8DF6F /* Spotify.app */;
			productType = "com.apple.product-type.application";
		};
		D301A51B2960070600A8DF6F /* SpotifyTests */ = {
			isa = PBXNativeTarget;
			buildConfigurationList = D301A5332960070600A8DF6F /* Build configuration list for PBXNativeTarget "SpotifyTests" */;
			buildPhases = (
				D301A5182960070600A8DF6F /* Sources */,
				D301A5192960070600A8DF6F /* Frameworks */,
				D301A51A2960070600A8DF6F /* Resources */,
			);
			buildRules = (
			);
			dependencies = (
				D301A51E2960070600A8DF6F /* PBXTargetDependency */,
			);
			name = SpotifyTests;
			productName = SpotifyTests;
			productReference = D301A51C2960070600A8DF6F /* SpotifyTests.xctest */;
			productType = "com.apple.product-type.bundle.unit-test";
		};
		D301A5252960070600A8DF6F /* SpotifyUITests */ = {
			isa = PBXNativeTarget;
			buildConfigurationList = D301A5362960070600A8DF6F /* Build configuration list for PBXNativeTarget "SpotifyUITests" */;
			buildPhases = (
				D301A5222960070600A8DF6F /* Sources */,
				D301A5232960070600A8DF6F /* Frameworks */,
				D301A5242960070600A8DF6F /* Resources */,
			);
			buildRules = (
			);
			dependencies = (
				D301A5282960070600A8DF6F /* PBXTargetDependency */,
			);
			name = SpotifyUITests;
			productName = SpotifyUITests;
			productReference = D301A5262960070600A8DF6F /* SpotifyUITests.xctest */;
			productType = "com.apple.product-type.bundle.ui-testing";
		};
/* End PBXNativeTarget section */

/* Begin PBXProject section */
		D301A5042960070400A8DF6F /* Project object */ = {
			isa = PBXProject;
			attributes = {
				BuildIndependentTargetsInParallel = 1;
				LastSwiftUpdateCheck = 1320;
				LastUpgradeCheck = 1320;
				TargetAttributes = {
					D301A50B2960070400A8DF6F = {
						CreatedOnToolsVersion = 13.2;
					};
					D301A51B2960070600A8DF6F = {
						CreatedOnToolsVersion = 13.2;
						TestTargetID = D301A50B2960070400A8DF6F;
					};
					D301A5252960070600A8DF6F = {
						CreatedOnToolsVersion = 13.2;
						TestTargetID = D301A50B2960070400A8DF6F;
					};
				};
			};
			buildConfigurationList = D301A5072960070400A8DF6F /* Build configuration list for PBXProject "Spotify" */;
			compatibilityVersion = "Xcode 13.0";
			developmentRegion = en;
			hasScannedForEncodings = 0;
			knownRegions = (
				en,
				Base,
			);
			mainGroup = D301A5032960070400A8DF6F;
			productRefGroup = D301A50D2960070400A8DF6F /* Products */;
			projectDirPath = "";
			projectRoot = "";
			targets = (
				D301A50B2960070400A8DF6F /* Spotify */,
				D301A51B2960070600A8DF6F /* SpotifyTests */,
				D301A5252960070600A8DF6F /* SpotifyUITests */,
			);
		};
/* End PBXProject section */

/* Begin PBXResourcesBuildPhase section */
		D301A50A2960070400A8DF6F /* Resources */ = {
			isa = PBXResourcesBuildPhase;
			buildActionMask = 2147483647;
			files = (
				D301A5172960070500A8DF6F /* Preview Assets.xcassets in Resources */,
				D301A54D2968093200A8DF6F /* love_yourself.mp3 in Resources */,
				D301A5142960070500A8DF6F /* Assets.xcassets in Resources */,
			);
			runOnlyForDeploymentPostprocessing = 0;
		};
		D301A51A2960070600A8DF6F /* Resources */ = {
			isa = PBXResourcesBuildPhase;
			buildActionMask = 2147483647;
			files = (
			);
			runOnlyForDeploymentPostprocessing = 0;
		};
		D301A5242960070600A8DF6F /* Resources */ = {
			isa = PBXResourcesBuildPhase;
			buildActionMask = 2147483647;
			files = (
				D301A54A2967DF6D00A8DF6F /* love_yourself.mp3 in Resources */,
				D301A54C2967DF7F00A8DF6F /* love_yourself.mp3 in Resources */,
			);
			runOnlyForDeploymentPostprocessing = 0;
		};
/* End PBXResourcesBuildPhase section */

/* Begin PBXSourcesBuildPhase section */
		D301A5082960070400A8DF6F /* Sources */ = {
			isa = PBXSourcesBuildPhase;
			buildActionMask = 2147483647;
			files = (
				D301A5482967DC6500A8DF6F /* Song.swift in Sources */,
				D301A54229643A3200A8DF6F /* SongDetailView.swift in Sources */,
				D301A5122960070400A8DF6F /* ContentView.swift in Sources */,
				D301A5102960070400A8DF6F /* SpotifyApp.swift in Sources */,
				D301A546296543D600A8DF6F /* Color+Extension.swift in Sources */,
				D301A53C296161CE00A8DF6F /* ExploreView.swift in Sources */,
				D301A544296540F700A8DF6F /* SectionView.swift in Sources */,
				D301A53E29641DE000A8DF6F /* PlayerView.swift in Sources */,
				D301A53A296160E800A8DF6F /* ArtistView.swift in Sources */,
			);
			runOnlyForDeploymentPostprocessing = 0;
		};
		D301A5182960070600A8DF6F /* Sources */ = {
			isa = PBXSourcesBuildPhase;
			buildActionMask = 2147483647;
			files = (
				D301A5212960070600A8DF6F /* SpotifyTests.swift in Sources */,
			);
			runOnlyForDeploymentPostprocessing = 0;
		};
		D301A5222960070600A8DF6F /* Sources */ = {
			isa = PBXSourcesBuildPhase;
			buildActionMask = 2147483647;
			files = (
				D301A52B2960070600A8DF6F /* SpotifyUITests.swift in Sources */,
				D301A52D2960070600A8DF6F /* SpotifyUITestsLaunchTests.swift in Sources */,
			);
			runOnlyForDeploymentPostprocessing = 0;
		};
/* End PBXSourcesBuildPhase section */

/* Begin PBXTargetDependency section */
		D301A51E2960070600A8DF6F /* PBXTargetDependency */ = {
			isa = PBXTargetDependency;
			target = D301A50B2960070400A8DF6F /* Spotify */;
			targetProxy = D301A51D2960070600A8DF6F /* PBXContainerItemProxy */;
		};
		D301A5282960070600A8DF6F /* PBXTargetDependency */ = {
			isa = PBXTargetDependency;
			target = D301A50B2960070400A8DF6F /* Spotify */;
			targetProxy = D301A5272960070600A8DF6F /* PBXContainerItemProxy */;
		};
/* End PBXTargetDependency section */

/* Begin XCBuildConfiguration section */
		D301A52E2960070600A8DF6F /* Debug */ = {
			isa = XCBuildConfiguration;
			buildSettings = {
				ALWAYS_SEARCH_USER_PATHS = NO;
				CLANG_ANALYZER_NONNULL = YES;
				CLANG_ANALYZER_NUMBER_OBJECT_CONVERSION = YES_AGGRESSIVE;
				CLANG_CXX_LANGUAGE_STANDARD = "gnu++17";
				CLANG_CXX_LIBRARY = "libc++";
				CLANG_ENABLE_MODULES = YES;
				CLANG_ENABLE_OBJC_ARC = YES;
				CLANG_ENABLE_OBJC_WEAK = YES;
				CLANG_WARN_BLOCK_CAPTURE_AUTORELEASING = YES;
				CLANG_WARN_BOOL_CONVERSION = YES;
				CLANG_WARN_COMMA = YES;
				CLANG_WARN_CONSTANT_CONVERSION = YES;
				CLANG_WARN_DEPRECATED_OBJC_IMPLEMENTATIONS = YES;
				CLANG_WARN_DIRECT_OBJC_ISA_USAGE = YES_ERROR;
				CLANG_WARN_DOCUMENTATION_COMMENTS = YES;
				CLANG_WARN_EMPTY_BODY = YES;
				CLANG_WARN_ENUM_CONVERSION = YES;
				CLANG_WARN_INFINITE_RECURSION = YES;
				CLANG_WARN_INT_CONVERSION = YES;
				CLANG_WARN_NON_LITERAL_NULL_CONVERSION = YES;
				CLANG_WARN_OBJC_IMPLICIT_RETAIN_SELF = YES;
				CLANG_WARN_OBJC_LITERAL_CONVERSION = YES;
				CLANG_WARN_OBJC_ROOT_CLASS = YES_ERROR;
				CLANG_WARN_QUOTED_INCLUDE_IN_FRAMEWORK_HEADER = YES;
				CLANG_WARN_RANGE_LOOP_ANALYSIS = YES;
				CLANG_WARN_STRICT_PROTOTYPES = YES;
				CLANG_WARN_SUSPICIOUS_MOVE = YES;
				CLANG_WARN_UNGUARDED_AVAILABILITY = YES_AGGRESSIVE;
				CLANG_WARN_UNREACHABLE_CODE = YES;
				CLANG_WARN__DUPLICATE_METHOD_MATCH = YES;
				COPY_PHASE_STRIP = NO;
				DEBUG_INFORMATION_FORMAT = dwarf;
				ENABLE_STRICT_OBJC_MSGSEND = YES;
				ENABLE_TESTABILITY = YES;
				GCC_C_LANGUAGE_STANDARD = gnu11;
				GCC_DYNAMIC_NO_PIC = NO;
				GCC_NO_COMMON_BLOCKS = YES;
				GCC_OPTIMIZATION_LEVEL = 0;
				GCC_PREPROCESSOR_DEFINITIONS = (
					"DEBUG=1",
					"$(inherited)",
				);
				GCC_WARN_64_TO_32_BIT_CONVERSION = YES;
				GCC_WARN_ABOUT_RETURN_TYPE = YES_ERROR;
				GCC_WARN_UNDECLARED_SELECTOR = YES;
				GCC_WARN_UNINITIALIZED_AUTOS = YES_AGGRESSIVE;
				GCC_WARN_UNUSED_FUNCTION = YES;
				GCC_WARN_UNUSED_VARIABLE = YES;
				IPHONEOS_DEPLOYMENT_TARGET = 15.2;
				MTL_ENABLE_DEBUG_INFO = INCLUDE_SOURCE;
				MTL_FAST_MATH = YES;
				ONLY_ACTIVE_ARCH = YES;
				SDKROOT = iphoneos;
				SWIFT_ACTIVE_COMPILATION_CONDITIONS = DEBUG;
				SWIFT_OPTIMIZATION_LEVEL = "-Onone";
			};
			name = Debug;
		};
		D301A52F2960070600A8DF6F /* Release */ = {
			isa = XCBuildConfiguration;
			buildSettings = {
				ALWAYS_SEARCH_USER_PATHS = NO;
				CLANG_ANALYZER_NONNULL = YES;
				CLANG_ANALYZER_NUMBER_OBJECT_CONVERSION = YES_AGGRESSIVE;
				CLANG_CXX_LANGUAGE_STANDARD = "gnu++17";
				CLANG_CXX_LIBRARY = "libc++";
				CLANG_ENABLE_MODULES = YES;
				CLANG_ENABLE_OBJC_ARC = YES;
				CLANG_ENABLE_OBJC_WEAK = YES;
				CLANG_WARN_BLOCK_CAPTURE_AUTORELEASING = YES;
				CLANG_WARN_BOOL_CONVERSION = YES;
				CLANG_WARN_COMMA = YES;
				CLANG_WARN_CONSTANT_CONVERSION = YES;
				CLANG_WARN_DEPRECATED_OBJC_IMPLEMENTATIONS = YES;
				CLANG_WARN_DIRECT_OBJC_ISA_USAGE = YES_ERROR;
				CLANG_WARN_DOCUMENTATION_COMMENTS = YES;
				CLANG_WARN_EMPTY_BODY = YES;
				CLANG_WARN_ENUM_CONVERSION = YES;
				CLANG_WARN_INFINITE_RECURSION = YES;
				CLANG_WARN_INT_CONVERSION = YES;
				CLANG_WARN_NON_LITERAL_NULL_CONVERSION = YES;
				CLANG_WARN_OBJC_IMPLICIT_RETAIN_SELF = YES;
				CLANG_WARN_OBJC_LITERAL_CONVERSION = YES;
				CLANG_WARN_OBJC_ROOT_CLASS = YES_ERROR;
				CLANG_WARN_QUOTED_INCLUDE_IN_FRAMEWORK_HEADER = YES;
				CLANG_WARN_RANGE_LOOP_ANALYSIS = YES;
				CLANG_WARN_STRICT_PROTOTYPES = YES;
				CLANG_WARN_SUSPICIOUS_MOVE = YES;
				CLANG_WARN_UNGUARDED_AVAILABILITY = YES_AGGRESSIVE;
				CLANG_WARN_UNREACHABLE_CODE = YES;
				CLANG_WARN__DUPLICATE_METHOD_MATCH = YES;
				COPY_PHASE_STRIP = NO;
				DEBUG_INFORMATION_FORMAT = "dwarf-with-dsym";
				ENABLE_NS_ASSERTIONS = NO;
				ENABLE_STRICT_OBJC_MSGSEND = YES;
				GCC_C_LANGUAGE_STANDARD = gnu11;
				GCC_NO_COMMON_BLOCKS = YES;
				GCC_WARN_64_TO_32_BIT_CONVERSION = YES;
				GCC_WARN_ABOUT_RETURN_TYPE = YES_ERROR;
				GCC_WARN_UNDECLARED_SELECTOR = YES;
				GCC_WARN_UNINITIALIZED_AUTOS = YES_AGGRESSIVE;
				GCC_WARN_UNUSED_FUNCTION = YES;
				GCC_WARN_UNUSED_VARIABLE = YES;
				IPHONEOS_DEPLOYMENT_TARGET = 15.2;
				MTL_ENABLE_DEBUG_INFO = NO;
				MTL_FAST_MATH = YES;
				SDKROOT = iphoneos;
				SWIFT_COMPILATION_MODE = wholemodule;
				SWIFT_OPTIMIZATION_LEVEL = "-O";
				VALIDATE_PRODUCT = YES;
			};
			name = Release;
		};
		D301A5312960070600A8DF6F /* Debug */ = {
			isa = XCBuildConfiguration;
			buildSettings = {
				ASSETCATALOG_COMPILER_APPICON_NAME = AppIcon;
				ASSETCATALOG_COMPILER_GLOBAL_ACCENT_COLOR_NAME = AccentColor;
				CODE_SIGN_STYLE = Automatic;
				CURRENT_PROJECT_VERSION = 1;
				DEVELOPMENT_ASSET_PATHS = "\"Spotify/Preview Content\"";
				DEVELOPMENT_TEAM = U496GYFZ39;
				ENABLE_PREVIEWS = YES;
				GENERATE_INFOPLIST_FILE = YES;
				INFOPLIST_KEY_UIApplicationSceneManifest_Generation = YES;
				INFOPLIST_KEY_UIApplicationSupportsIndirectInputEvents = YES;
				INFOPLIST_KEY_UILaunchScreen_Generation = YES;
				INFOPLIST_KEY_UISupportedInterfaceOrientations_iPad = "UIInterfaceOrientationPortrait UIInterfaceOrientationPortraitUpsideDown UIInterfaceOrientationLandscapeLeft UIInterfaceOrientationLandscapeRight";
				INFOPLIST_KEY_UISupportedInterfaceOrientations_iPhone = "UIInterfaceOrientationPortrait UIInterfaceOrientationLandscapeLeft UIInterfaceOrientationLandscapeRight";
				LD_RUNPATH_SEARCH_PATHS = (
					"$(inherited)",
					"@executable_path/Frameworks",
				);
				MARKETING_VERSION = 1.0;
				PRODUCT_BUNDLE_IDENTIFIER = com.tedtya.Spotify;
				PRODUCT_NAME = "$(TARGET_NAME)";
				SWIFT_EMIT_LOC_STRINGS = YES;
				SWIFT_VERSION = 5.0;
				TARGETED_DEVICE_FAMILY = "1,2";
			};
			name = Debug;
		};
		D301A5322960070600A8DF6F /* Release */ = {
			isa = XCBuildConfiguration;
			buildSettings = {
				ASSETCATALOG_COMPILER_APPICON_NAME = AppIcon;
				ASSETCATALOG_COMPILER_GLOBAL_ACCENT_COLOR_NAME = AccentColor;
				CODE_SIGN_STYLE = Automatic;
				CURRENT_PROJECT_VERSION = 1;
				DEVELOPMENT_ASSET_PATHS = "\"Spotify/Preview Content\"";
				DEVELOPMENT_TEAM = U496GYFZ39;
				ENABLE_PREVIEWS = YES;
				GENERATE_INFOPLIST_FILE = YES;
				INFOPLIST_KEY_UIApplicationSceneManifest_Generation = YES;
				INFOPLIST_KEY_UIApplicationSupportsIndirectInputEvents = YES;
				INFOPLIST_KEY_UILaunchScreen_Generation = YES;
				INFOPLIST_KEY_UISupportedInterfaceOrientations_iPad = "UIInterfaceOrientationPortrait UIInterfaceOrientationPortraitUpsideDown UIInterfaceOrientationLandscapeLeft UIInterfaceOrientationLandscapeRight";
				INFOPLIST_KEY_UISupportedInterfaceOrientations_iPhone = "UIInterfaceOrientationPortrait UIInterfaceOrientationLandscapeLeft UIInterfaceOrientationLandscapeRight";
				LD_RUNPATH_SEARCH_PATHS = (
					"$(inherited)",
					"@executable_path/Frameworks",
				);
				MARKETING_VERSION = 1.0;
				PRODUCT_BUNDLE_IDENTIFIER = com.tedtya.Spotify;
				PRODUCT_NAME = "$(TARGET_NAME)";
				SWIFT_EMIT_LOC_STRINGS = YES;
				SWIFT_VERSION = 5.0;
				TARGETED_DEVICE_FAMILY = "1,2";
			};
			name = Release;
		};
		D301A5342960070600A8DF6F /* Debug */ = {
			isa = XCBuildConfiguration;
			buildSettings = {
				ALWAYS_EMBED_SWIFT_STANDARD_LIBRARIES = YES;
				BUNDLE_LOADER = "$(TEST_HOST)";
				CODE_SIGN_STYLE = Automatic;
				CURRENT_PROJECT_VERSION = 1;
				DEVELOPMENT_TEAM = U496GYFZ39;
				GENERATE_INFOPLIST_FILE = YES;
				IPHONEOS_DEPLOYMENT_TARGET = 15.2;
				MARKETING_VERSION = 1.0;
				PRODUCT_BUNDLE_IDENTIFIER = com.tedtya.SpotifyTests;
				PRODUCT_NAME = "$(TARGET_NAME)";
				SWIFT_EMIT_LOC_STRINGS = NO;
				SWIFT_VERSION = 5.0;
				TARGETED_DEVICE_FAMILY = "1,2";
				TEST_HOST = "$(BUILT_PRODUCTS_DIR)/Spotify.app/Spotify";
			};
			name = Debug;
		};
		D301A5352960070600A8DF6F /* Release */ = {
			isa = XCBuildConfiguration;
			buildSettings = {
				ALWAYS_EMBED_SWIFT_STANDARD_LIBRARIES = YES;
				BUNDLE_LOADER = "$(TEST_HOST)";
				CODE_SIGN_STYLE = Automatic;
				CURRENT_PROJECT_VERSION = 1;
				DEVELOPMENT_TEAM = U496GYFZ39;
				GENERATE_INFOPLIST_FILE = YES;
				IPHONEOS_DEPLOYMENT_TARGET = 15.2;
				MARKETING_VERSION = 1.0;
				PRODUCT_BUNDLE_IDENTIFIER = com.tedtya.SpotifyTests;
				PRODUCT_NAME = "$(TARGET_NAME)";
				SWIFT_EMIT_LOC_STRINGS = NO;
				SWIFT_VERSION = 5.0;
				TARGETED_DEVICE_FAMILY = "1,2";
				TEST_HOST = "$(BUILT_PRODUCTS_DIR)/Spotify.app/Spotify";
			};
			name = Release;
		};
		D301A5372960070600A8DF6F /* Debug */ = {
			isa = XCBuildConfiguration;
			buildSettings = {
				ALWAYS_EMBED_SWIFT_STANDARD_LIBRARIES = YES;
				CODE_SIGN_STYLE = Automatic;
				CURRENT_PROJECT_VERSION = 1;
				DEVELOPMENT_TEAM = U496GYFZ39;
				GENERATE_INFOPLIST_FILE = YES;
				MARKETING_VERSION = 1.0;
				PRODUCT_BUNDLE_IDENTIFIER = com.tedtya.SpotifyUITests;
				PRODUCT_NAME = "$(TARGET_NAME)";
				SWIFT_EMIT_LOC_STRINGS = NO;
				SWIFT_VERSION = 5.0;
				TARGETED_DEVICE_FAMILY = "1,2";
				TEST_TARGET_NAME = Spotify;
			};
			name = Debug;
		};
		D301A5382960070600A8DF6F /* Release */ = {
			isa = XCBuildConfiguration;
			buildSettings = {
				ALWAYS_EMBED_SWIFT_STANDARD_LIBRARIES = YES;
				CODE_SIGN_STYLE = Automatic;
				CURRENT_PROJECT_VERSION = 1;
				DEVELOPMENT_TEAM = U496GYFZ39;
				GENERATE_INFOPLIST_FILE = YES;
				MARKETING_VERSION = 1.0;
				PRODUCT_BUNDLE_IDENTIFIER = com.tedtya.SpotifyUITests;
				PRODUCT_NAME = "$(TARGET_NAME)";
				SWIFT_EMIT_LOC_STRINGS = NO;
				SWIFT_VERSION = 5.0;
				TARGETED_DEVICE_FAMILY = "1,2";
				TEST_TARGET_NAME = Spotify;
			};
			name = Release;
		};
/* End XCBuildConfiguration section */

/* Begin XCConfigurationList section */
		D301A5072960070400A8DF6F /* Build configuration list for PBXProject "Spotify" */ = {
			isa = XCConfigurationList;
			buildConfigurations = (
				D301A52E2960070600A8DF6F /* Debug */,
				D301A52F2960070600A8DF6F /* Release */,
			);
			defaultConfigurationIsVisible = 0;
			defaultConfigurationName = Release;
		};
		D301A5302960070600A8DF6F /* Build configuration list for PBXNativeTarget "Spotify" */ = {
			isa = XCConfigurationList;
			buildConfigurations = (
				D301A5312960070600A8DF6F /* Debug */,
				D301A5322960070600A8DF6F /* Release */,
			);
			defaultConfigurationIsVisible = 0;
			defaultConfigurationName = Release;
		};
		D301A5332960070600A8DF6F /* Build configuration list for PBXNativeTarget "SpotifyTests" */ = {
			isa = XCConfigurationList;
			buildConfigurations = (
				D301A5342960070600A8DF6F /* Debug */,
				D301A5352960070600A8DF6F /* Release */,
			);
			defaultConfigurationIsVisible = 0;
			defaultConfigurationName = Release;
		};
		D301A5362960070600A8DF6F /* Build configuration list for PBXNativeTarget "SpotifyUITests" */ = {
			isa = XCConfigurationList;
			buildConfigurations = (
				D301A5372960070600A8DF6F /* Debug */,
				D301A5382960070600A8DF6F /* Release */,
			);
			defaultConfigurationIsVisible = 0;
			defaultConfigurationName = Release;
		};
/* End XCConfigurationList section */
	};
	rootObject = D301A5042960070400A8DF6F /* Project object */;
}
